{
  "lockfileVersion": 1,
  "dependencies": {
    "asc": {
      "version": "1.1.1",
      "resolved": "https://registry.npmjs.org/asc/-/asc-1.1.1.tgz",
      "integrity": "sha1-d72dB8Ujj3j5nQl5jjadFN5hRmI="
    },
    "async": {
      "version": "1.4.2",
      "resolved": "https://registry.npmjs.org/async/-/async-1.4.2.tgz",
      "integrity": "sha1-bJ7csRztTw3S8tQNsNSaEJwIiqs="
    }
  }
}
